// !$*UTF8*$!
{
	archiveVersion = 1;
	classes = {
	};
	objectVersion = 56;
	objects = {

/* Begin PBXBuildFile section */
		CB8352272AD04B3E00FC9E13 /* FrankensteinApp.swift in Sources */ = {isa = PBXBuildFile; fileRef = CB8352262AD04B3E00FC9E13 /* FrankensteinApp.swift */; };
		CB8352292AD04B3E00FC9E13 /* HomeView.swift in Sources */ = {isa = PBXBuildFile; fileRef = CB8352282AD04B3E00FC9E13 /* HomeView.swift */; };
		CB83522B2AD04B4000FC9E13 /* Assets.xcassets in Resources */ = {isa = PBXBuildFile; fileRef = CB83522A2AD04B4000FC9E13 /* Assets.xcassets */; };
		CB83522E2AD04B4000FC9E13 /* Preview Assets.xcassets in Resources */ = {isa = PBXBuildFile; fileRef = CB83522D2AD04B4000FC9E13 /* Preview Assets.xcassets */; };
		CB83523C2AD052BF00FC9E13 /* HomeViewModelTests.swift in Sources */ = {isa = PBXBuildFile; fileRef = CB83523B2AD052BF00FC9E13 /* HomeViewModelTests.swift */; };
		CB8352492AD05B3D00FC9E13 /* FrankensteinUITests.swift in Sources */ = {isa = PBXBuildFile; fileRef = CB8352482AD05B3D00FC9E13 /* FrankensteinUITests.swift */; };
		CB83524B2AD05B3D00FC9E13 /* FrankensteinUITestsLaunchTests.swift in Sources */ = {isa = PBXBuildFile; fileRef = CB83524A2AD05B3D00FC9E13 /* FrankensteinUITestsLaunchTests.swift */; };
/* End PBXBuildFile section */

/* Begin PBXContainerItemProxy section */
		CB83523D2AD052BF00FC9E13 /* PBXContainerItemProxy */ = {
			isa = PBXContainerItemProxy;
			containerPortal = CB83521B2AD04B3E00FC9E13 /* Project object */;
			proxyType = 1;
			remoteGlobalIDString = CB8352222AD04B3E00FC9E13;
			remoteInfo = Frankenstein;
		};
		CB83524C2AD05B3D00FC9E13 /* PBXContainerItemProxy */ = {
			isa = PBXContainerItemProxy;
			containerPortal = CB83521B2AD04B3E00FC9E13 /* Project object */;
			proxyType = 1;
			remoteGlobalIDString = CB8352222AD04B3E00FC9E13;
			remoteInfo = Frankenstein;
		};
/* End PBXContainerItemProxy section */

/* Begin PBXFileReference section */
		CB8352232AD04B3E00FC9E13 /* Frankenstein.app */ = {isa = PBXFileReference; explicitFileType = wrapper.application; includeInIndex = 0; path = Frankenstein.app; sourceTree = BUILT_PRODUCTS_DIR; };
		CB8352262AD04B3E00FC9E13 /* FrankensteinApp.swift */ = {isa = PBXFileReference; lastKnownFileType = sourcecode.swift; path = FrankensteinApp.swift; sourceTree = "<group>"; };
		CB8352282AD04B3E00FC9E13 /* HomeView.swift */ = {isa = PBXFileReference; lastKnownFileType = sourcecode.swift; path = HomeView.swift; sourceTree = "<group>"; };
		CB83522A2AD04B4000FC9E13 /* Assets.xcassets */ = {isa = PBXFileReference; lastKnownFileType = folder.assetcatalog; path = Assets.xcassets; sourceTree = "<group>"; };
		CB83522D2AD04B4000FC9E13 /* Preview Assets.xcassets */ = {isa = PBXFileReference; lastKnownFileType = folder.assetcatalog; path = "Preview Assets.xcassets"; sourceTree = "<group>"; };
		CB8352392AD052BF00FC9E13 /* FrankensteinTests.xctest */ = {isa = PBXFileReference; explicitFileType = wrapper.cfbundle; includeInIndex = 0; path = FrankensteinTests.xctest; sourceTree = BUILT_PRODUCTS_DIR; };
		CB83523B2AD052BF00FC9E13 /* HomeViewModelTests.swift */ = {isa = PBXFileReference; lastKnownFileType = sourcecode.swift; path = HomeViewModelTests.swift; sourceTree = "<group>"; };
		CB8352462AD05B3C00FC9E13 /* FrankensteinUITests.xctest */ = {isa = PBXFileReference; explicitFileType = wrapper.cfbundle; includeInIndex = 0; path = FrankensteinUITests.xctest; sourceTree = BUILT_PRODUCTS_DIR; };
		CB8352482AD05B3D00FC9E13 /* FrankensteinUITests.swift */ = {isa = PBXFileReference; lastKnownFileType = sourcecode.swift; path = FrankensteinUITests.swift; sourceTree = "<group>"; };
		CB83524A2AD05B3D00FC9E13 /* FrankensteinUITestsLaunchTests.swift */ = {isa = PBXFileReference; lastKnownFileType = sourcecode.swift; path = FrankensteinUITestsLaunchTests.swift; sourceTree = "<group>"; };
/* End PBXFileReference section */

/* Begin PBXFrameworksBuildPhase section */
		CB8352202AD04B3E00FC9E13 /* Frameworks */ = {
			isa = PBXFrameworksBuildPhase;
			buildActionMask = 2147483647;
			files = (
			);
			runOnlyForDeploymentPostprocessing = 0;
		};
		CB8352362AD052BF00FC9E13 /* Frameworks */ = {
			isa = PBXFrameworksBuildPhase;
			buildActionMask = 2147483647;
			files = (
			);
			runOnlyForDeploymentPostprocessing = 0;
		};
		CB8352432AD05B3C00FC9E13 /* Frameworks */ = {
			isa = PBXFrameworksBuildPhase;
			buildActionMask = 2147483647;
			files = (
			);
			runOnlyForDeploymentPostprocessing = 0;
		};
/* End PBXFrameworksBuildPhase section */

/* Begin PBXGroup section */
		CB83521A2AD04B3E00FC9E13 = {
			isa = PBXGroup;
			children = (
				CB8352252AD04B3E00FC9E13 /* Frankenstein */,
				CB83523A2AD052BF00FC9E13 /* FrankensteinTests */,
				CB8352472AD05B3D00FC9E13 /* FrankensteinUITests */,
				CB8352242AD04B3E00FC9E13 /* Products */,
			);
			sourceTree = "<group>";
		};
		CB8352242AD04B3E00FC9E13 /* Products */ = {
			isa = PBXGroup;
			children = (
				CB8352232AD04B3E00FC9E13 /* Frankenstein.app */,
				CB8352392AD052BF00FC9E13 /* FrankensteinTests.xctest */,
				CB8352462AD05B3C00FC9E13 /* FrankensteinUITests.xctest */,
			);
			name = Products;
			sourceTree = "<group>";
		};
		CB8352252AD04B3E00FC9E13 /* Frankenstein */ = {
			isa = PBXGroup;
			children = (
				CB8352262AD04B3E00FC9E13 /* FrankensteinApp.swift */,
				CB8352282AD04B3E00FC9E13 /* HomeView.swift */,
				CB83522A2AD04B4000FC9E13 /* Assets.xcassets */,
				CB83522C2AD04B4000FC9E13 /* Preview Content */,
			);
			path = Frankenstein;
			sourceTree = "<group>";
		};
		CB83522C2AD04B4000FC9E13 /* Preview Content */ = {
			isa = PBXGroup;
			children = (
				CB83522D2AD04B4000FC9E13 /* Preview Assets.xcassets */,
			);
			path = "Preview Content";
			sourceTree = "<group>";
		};
		CB83523A2AD052BF00FC9E13 /* FrankensteinTests */ = {
			isa = PBXGroup;
			children = (
				CB83523B2AD052BF00FC9E13 /* HomeViewModelTests.swift */,
			);
			path = FrankensteinTests;
			sourceTree = "<group>";
		};
		CB8352472AD05B3D00FC9E13 /* FrankensteinUITests */ = {
			isa = PBXGroup;
			children = (
				CB8352482AD05B3D00FC9E13 /* FrankensteinUITests.swift */,
				CB83524A2AD05B3D00FC9E13 /* FrankensteinUITestsLaunchTests.swift */,
			);
			path = FrankensteinUITests;
			sourceTree = "<group>";
		};
/* End PBXGroup section */

/* Begin PBXNativeTarget section */
		CB8352222AD04B3E00FC9E13 /* Frankenstein */ = {
			isa = PBXNativeTarget;
			buildConfigurationList = CB8352312AD04B4000FC9E13 /* Build configuration list for PBXNativeTarget "Frankenstein" */;
			buildPhases = (
				CB83521F2AD04B3E00FC9E13 /* Sources */,
				CB8352202AD04B3E00FC9E13 /* Frameworks */,
				CB8352212AD04B3E00FC9E13 /* Resources */,
			);
			buildRules = (
			);
			dependencies = (
			);
			name = Frankenstein;
			productName = Frankenstein;
			productReference = CB8352232AD04B3E00FC9E13 /* Frankenstein.app */;
			productType = "com.apple.product-type.application";
		};
		CB8352382AD052BF00FC9E13 /* FrankensteinTests */ = {
			isa = PBXNativeTarget;
			buildConfigurationList = CB83523F2AD052BF00FC9E13 /* Build configuration list for PBXNativeTarget "FrankensteinTests" */;
			buildPhases = (
				CB8352352AD052BF00FC9E13 /* Sources */,
				CB8352362AD052BF00FC9E13 /* Frameworks */,
				CB8352372AD052BF00FC9E13 /* Resources */,
			);
			buildRules = (
			);
			dependencies = (
				CB83523E2AD052BF00FC9E13 /* PBXTargetDependency */,
			);
			name = FrankensteinTests;
			productName = FrankensteinTests;
			productReference = CB8352392AD052BF00FC9E13 /* FrankensteinTests.xctest */;
			productType = "com.apple.product-type.bundle.unit-test";
		};
		CB8352452AD05B3C00FC9E13 /* FrankensteinUITests */ = {
			isa = PBXNativeTarget;
			buildConfigurationList = CB83524E2AD05B3D00FC9E13 /* Build configuration list for PBXNativeTarget "FrankensteinUITests" */;
			buildPhases = (
				CB8352422AD05B3C00FC9E13 /* Sources */,
				CB8352432AD05B3C00FC9E13 /* Frameworks */,
				CB8352442AD05B3C00FC9E13 /* Resources */,
			);
			buildRules = (
			);
			dependencies = (
				CB83524D2AD05B3D00FC9E13 /* PBXTargetDependency */,
			);
			name = FrankensteinUITests;
			productName = FrankensteinUITests;
			productReference = CB8352462AD05B3C00FC9E13 /* FrankensteinUITests.xctest */;
			productType = "com.apple.product-type.bundle.ui-testing";
		};
/* End PBXNativeTarget section */

/* Begin PBXProject section */
		CB83521B2AD04B3E00FC9E13 /* Project object */ = {
			isa = PBXProject;
			attributes = {
				BuildIndependentTargetsInParallel = 1;
				LastSwiftUpdateCheck = 1500;
				LastUpgradeCheck = 1500;
				TargetAttributes = {
					CB8352222AD04B3E00FC9E13 = {
						CreatedOnToolsVersion = 15.0;
					};
					CB8352382AD052BF00FC9E13 = {
						CreatedOnToolsVersion = 15.0;
						TestTargetID = CB8352222AD04B3E00FC9E13;
					};
					CB8352452AD05B3C00FC9E13 = {
						CreatedOnToolsVersion = 15.0;
						TestTargetID = CB8352222AD04B3E00FC9E13;
					};
				};
			};
			buildConfigurationList = CB83521E2AD04B3E00FC9E13 /* Build configuration list for PBXProject "Frankenstein" */;
			compatibilityVersion = "Xcode 14.0";
			developmentRegion = en;
			hasScannedForEncodings = 0;
			knownRegions = (
				en,
				Base,
			);
			mainGroup = CB83521A2AD04B3E00FC9E13;
			productRefGroup = CB8352242AD04B3E00FC9E13 /* Products */;
			projectDirPath = "";
			projectRoot = "";
			targets = (
				CB8352222AD04B3E00FC9E13 /* Frankenstein */,
				CB8352382AD052BF00FC9E13 /* FrankensteinTests */,
				CB8352452AD05B3C00FC9E13 /* FrankensteinUITests */,
			);
		};
/* End PBXProject section */

/* Begin PBXResourcesBuildPhase section */
		CB8352212AD04B3E00FC9E13 /* Resources */ = {
			isa = PBXResourcesBuildPhase;
			buildActionMask = 2147483647;
			files = (
				CB83522E2AD04B4000FC9E13 /* Preview Assets.xcassets in Resources */,
				CB83522B2AD04B4000FC9E13 /* Assets.xcassets in Resources */,
			);
			runOnlyForDeploymentPostprocessing = 0;
		};
		CB8352372AD052BF00FC9E13 /* Resources */ = {
			isa = PBXResourcesBuildPhase;
			buildActionMask = 2147483647;
			files = (
			);
			runOnlyForDeploymentPostprocessing = 0;
		};
		CB8352442AD05B3C00FC9E13 /* Resources */ = {
			isa = PBXResourcesBuildPhase;
			buildActionMask = 2147483647;
			files = (
			);
			runOnlyForDeploymentPostprocessing = 0;
		};
/* End PBXResourcesBuildPhase section */

/* Begin PBXSourcesBuildPhase section */
		CB83521F2AD04B3E00FC9E13 /* Sources */ = {
			isa = PBXSourcesBuildPhase;
			buildActionMask = 2147483647;
			files = (
				CB8352292AD04B3E00FC9E13 /* HomeView.swift in Sources */,
				CB8352272AD04B3E00FC9E13 /* FrankensteinApp.swift in Sources */,
			);
			runOnlyForDeploymentPostprocessing = 0;
		};
		CB8352352AD052BF00FC9E13 /* Sources */ = {
			isa = PBXSourcesBuildPhase;
			buildActionMask = 2147483647;
			files = (
				CB83523C2AD052BF00FC9E13 /* HomeViewModelTests.swift in Sources */,
			);
			runOnlyForDeploymentPostprocessing = 0;
		};
		CB8352422AD05B3C00FC9E13 /* Sources */ = {
			isa = PBXSourcesBuildPhase;
			buildActionMask = 2147483647;
			files = (
				CB83524B2AD05B3D00FC9E13 /* FrankensteinUITestsLaunchTests.swift in Sources */,
				CB8352492AD05B3D00FC9E13 /* FrankensteinUITests.swift in Sources */,
			);
			runOnlyForDeploymentPostprocessing = 0;
		};
/* End PBXSourcesBuildPhase section */

/* Begin PBXTargetDependency section */
		CB83523E2AD052BF00FC9E13 /* PBXTargetDependency */ = {
			isa = PBXTargetDependency;
			target = CB8352222AD04B3E00FC9E13 /* Frankenstein */;
			targetProxy = CB83523D2AD052BF00FC9E13 /* PBXContainerItemProxy */;
		};
		CB83524D2AD05B3D00FC9E13 /* PBXTargetDependency */ = {
			isa = PBXTargetDependency;
			target = CB8352222AD04B3E00FC9E13 /* Frankenstein */;
			targetProxy = CB83524C2AD05B3D00FC9E13 /* PBXContainerItemProxy */;
		};
/* End PBXTargetDependency section */

/* Begin XCBuildConfiguration section */
		CB83522F2AD04B4000FC9E13 /* Debug */ = {
			isa = XCBuildConfiguration;
			buildSettings = {
				ALWAYS_SEARCH_USER_PATHS = NO;
				ASSETCATALOG_COMPILER_GENERATE_SWIFT_ASSET_SYMBOL_EXTENSIONS = YES;
				CLANG_ANALYZER_NONNULL = YES;
				CLANG_ANALYZER_NUMBER_OBJECT_CONVERSION = YES_AGGRESSIVE;
				CLANG_CXX_LANGUAGE_STANDARD = "gnu++20";
				CLANG_ENABLE_MODULES = YES;
				CLANG_ENABLE_OBJC_ARC = YES;
				CLANG_ENABLE_OBJC_WEAK = YES;
				CLANG_WARN_BLOCK_CAPTURE_AUTORELEASING = YES;
				CLANG_WARN_BOOL_CONVERSION = YES;
				CLANG_WARN_COMMA = YES;
				CLANG_WARN_CONSTANT_CONVERSION = YES;
				CLANG_WARN_DEPRECATED_OBJC_IMPLEMENTATIONS = YES;
				CLANG_WARN_DIRECT_OBJC_ISA_USAGE = YES_ERROR;
				CLANG_WARN_DOCUMENTATION_COMMENTS = YES;
				CLANG_WARN_EMPTY_BODY = YES;
				CLANG_WARN_ENUM_CONVERSION = YES;
				CLANG_WARN_INFINITE_RECURSION = YES;
				CLANG_WARN_INT_CONVERSION = YES;
				CLANG_WARN_NON_LITERAL_NULL_CONVERSION = YES;
				CLANG_WARN_OBJC_IMPLICIT_RETAIN_SELF = YES;
				CLANG_WARN_OBJC_LITERAL_CONVERSION = YES;
				CLANG_WARN_OBJC_ROOT_CLASS = YES_ERROR;
				CLANG_WARN_QUOTED_INCLUDE_IN_FRAMEWORK_HEADER = YES;
				CLANG_WARN_RANGE_LOOP_ANALYSIS = YES;
				CLANG_WARN_STRICT_PROTOTYPES = YES;
				CLANG_WARN_SUSPICIOUS_MOVE = YES;
				CLANG_WARN_UNGUARDED_AVAILABILITY = YES_AGGRESSIVE;
				CLANG_WARN_UNREACHABLE_CODE = YES;
				CLANG_WARN__DUPLICATE_METHOD_MATCH = YES;
				COPY_PHASE_STRIP = NO;
				DEBUG_INFORMATION_FORMAT = dwarf;
				ENABLE_STRICT_OBJC_MSGSEND = YES;
				ENABLE_TESTABILITY = YES;
				ENABLE_USER_SCRIPT_SANDBOXING = YES;
				GCC_C_LANGUAGE_STANDARD = gnu17;
				GCC_DYNAMIC_NO_PIC = NO;
				GCC_NO_COMMON_BLOCKS = YES;
				GCC_OPTIMIZATION_LEVEL = 0;
				GCC_PREPROCESSOR_DEFINITIONS = (
					"DEBUG=1",
					"$(inherited)",
				);
				GCC_WARN_64_TO_32_BIT_CONVERSION = YES;
				GCC_WARN_ABOUT_RETURN_TYPE = YES_ERROR;
				GCC_WARN_UNDECLARED_SELECTOR = YES;
				GCC_WARN_UNINITIALIZED_AUTOS = YES_AGGRESSIVE;
				GCC_WARN_UNUSED_FUNCTION = YES;
				GCC_WARN_UNUSED_VARIABLE = YES;
				IPHONEOS_DEPLOYMENT_TARGET = 17.0;
				LOCALIZATION_PREFERS_STRING_CATALOGS = YES;
				MTL_ENABLE_DEBUG_INFO = INCLUDE_SOURCE;
				MTL_FAST_MATH = YES;
				ONLY_ACTIVE_ARCH = YES;
				SDKROOT = iphoneos;
				SWIFT_ACTIVE_COMPILATION_CONDITIONS = "DEBUG $(inherited)";
				SWIFT_OPTIMIZATION_LEVEL = "-Onone";
			};
			name = Debug;
		};
		CB8352302AD04B4000FC9E13 /* Release */ = {
			isa = XCBuildConfiguration;
			buildSettings = {
				ALWAYS_SEARCH_USER_PATHS = NO;
				ASSETCATALOG_COMPILER_GENERATE_SWIFT_ASSET_SYMBOL_EXTENSIONS = YES;
				CLANG_ANALYZER_NONNULL = YES;
				CLANG_ANALYZER_NUMBER_OBJECT_CONVERSION = YES_AGGRESSIVE;
				CLANG_CXX_LANGUAGE_STANDARD = "gnu++20";
				CLANG_ENABLE_MODULES = YES;
				CLANG_ENABLE_OBJC_ARC = YES;
				CLANG_ENABLE_OBJC_WEAK = YES;
				CLANG_WARN_BLOCK_CAPTURE_AUTORELEASING = YES;
				CLANG_WARN_BOOL_CONVERSION = YES;
				CLANG_WARN_COMMA = YES;
				CLANG_WARN_CONSTANT_CONVERSION = YES;
				CLANG_WARN_DEPRECATED_OBJC_IMPLEMENTATIONS = YES;
				CLANG_WARN_DIRECT_OBJC_ISA_USAGE = YES_ERROR;
				CLANG_WARN_DOCUMENTATION_COMMENTS = YES;
				CLANG_WARN_EMPTY_BODY = YES;
				CLANG_WARN_ENUM_CONVERSION = YES;
				CLANG_WARN_INFINITE_RECURSION = YES;
				CLANG_WARN_INT_CONVERSION = YES;
				CLANG_WARN_NON_LITERAL_NULL_CONVERSION = YES;
				CLANG_WARN_OBJC_IMPLICIT_RETAIN_SELF = YES;
				CLANG_WARN_OBJC_LITERAL_CONVERSION = YES;
				CLANG_WARN_OBJC_ROOT_CLASS = YES_ERROR;
				CLANG_WARN_QUOTED_INCLUDE_IN_FRAMEWORK_HEADER = YES;
				CLANG_WARN_RANGE_LOOP_ANALYSIS = YES;
				CLANG_WARN_STRICT_PROTOTYPES = YES;
				CLANG_WARN_SUSPICIOUS_MOVE = YES;
				CLANG_WARN_UNGUARDED_AVAILABILITY = YES_AGGRESSIVE;
				CLANG_WARN_UNREACHABLE_CODE = YES;
				CLANG_WARN__DUPLICATE_METHOD_MATCH = YES;
				COPY_PHASE_STRIP = NO;
				DEBUG_INFORMATION_FORMAT = "dwarf-with-dsym";
				ENABLE_NS_ASSERTIONS = NO;
				ENABLE_STRICT_OBJC_MSGSEND = YES;
				ENABLE_USER_SCRIPT_SANDBOXING = YES;
				GCC_C_LANGUAGE_STANDARD = gnu17;
				GCC_NO_COMMON_BLOCKS = YES;
				GCC_WARN_64_TO_32_BIT_CONVERSION = YES;
				GCC_WARN_ABOUT_RETURN_TYPE = YES_ERROR;
				GCC_WARN_UNDECLARED_SELECTOR = YES;
				GCC_WARN_UNINITIALIZED_AUTOS = YES_AGGRESSIVE;
				GCC_WARN_UNUSED_FUNCTION = YES;
				GCC_WARN_UNUSED_VARIABLE = YES;
				IPHONEOS_DEPLOYMENT_TARGET = 17.0;
				LOCALIZATION_PREFERS_STRING_CATALOGS = YES;
				MTL_ENABLE_DEBUG_INFO = NO;
				MTL_FAST_MATH = YES;
				SDKROOT = iphoneos;
				SWIFT_COMPILATION_MODE = wholemodule;
				VALIDATE_PRODUCT = YES;
			};
			name = Release;
		};
		CB8352322AD04B4000FC9E13 /* Debug */ = {
			isa = XCBuildConfiguration;
			buildSettings = {
				ASSETCATALOG_COMPILER_APPICON_NAME = AppIcon;
				ASSETCATALOG_COMPILER_GLOBAL_ACCENT_COLOR_NAME = AccentColor;
				CODE_SIGN_STYLE = Automatic;
				CURRENT_PROJECT_VERSION = 1;
				DEVELOPMENT_ASSET_PATHS = "\"Frankenstein/Preview Content\"";
				ENABLE_PREVIEWS = YES;
				GENERATE_INFOPLIST_FILE = YES;
				INFOPLIST_KEY_UIApplicationSceneManifest_Generation = YES;
				INFOPLIST_KEY_UIApplicationSupportsIndirectInputEvents = YES;
				INFOPLIST_KEY_UILaunchScreen_Generation = YES;
				INFOPLIST_KEY_UISupportedInterfaceOrientations_iPad = "UIInterfaceOrientationPortrait UIInterfaceOrientationPortraitUpsideDown UIInterfaceOrientationLandscapeLeft UIInterfaceOrientationLandscapeRight";
				INFOPLIST_KEY_UISupportedInterfaceOrientations_iPhone = "UIInterfaceOrientationPortrait UIInterfaceOrientationLandscapeLeft UIInterfaceOrientationLandscapeRight";
				LD_RUNPATH_SEARCH_PATHS = (
					"$(inherited)",
					"@executable_path/Frameworks",
				);
				MARKETING_VERSION = 1.0;
				PRODUCT_BUNDLE_IDENTIFIER = fr.lucca.Frankenstein;
				PRODUCT_NAME = "$(TARGET_NAME)";
				SWIFT_EMIT_LOC_STRINGS = YES;
				SWIFT_VERSION = 5.0;
				TARGETED_DEVICE_FAMILY = "1,2";
			};
			name = Debug;
		};
		CB8352332AD04B4000FC9E13 /* Release */ = {
			isa = XCBuildConfiguration;
			buildSettings = {
				ASSETCATALOG_COMPILER_APPICON_NAME = AppIcon;
				ASSETCATALOG_COMPILER_GLOBAL_ACCENT_COLOR_NAME = AccentColor;
				CODE_SIGN_STYLE = Automatic;
				CURRENT_PROJECT_VERSION = 1;
				DEVELOPMENT_ASSET_PATHS = "\"Frankenstein/Preview Content\"";
				ENABLE_PREVIEWS = YES;
				GENERATE_INFOPLIST_FILE = YES;
				INFOPLIST_KEY_UIApplicationSceneManifest_Generation = YES;
				INFOPLIST_KEY_UIApplicationSupportsIndirectInputEvents = YES;
				INFOPLIST_KEY_UILaunchScreen_Generation = YES;
				INFOPLIST_KEY_UISupportedInterfaceOrientations_iPad = "UIInterfaceOrientationPortrait UIInterfaceOrientationPortraitUpsideDown UIInterfaceOrientationLandscapeLeft UIInterfaceOrientationLandscapeRight";
				INFOPLIST_KEY_UISupportedInterfaceOrientations_iPhone = "UIInterfaceOrientationPortrait UIInterfaceOrientationLandscapeLeft UIInterfaceOrientationLandscapeRight";
				LD_RUNPATH_SEARCH_PATHS = (
					"$(inherited)",
					"@executable_path/Frameworks",
				);
				MARKETING_VERSION = 1.0;
				PRODUCT_BUNDLE_IDENTIFIER = fr.lucca.Frankenstein;
				PRODUCT_NAME = "$(TARGET_NAME)";
				SWIFT_EMIT_LOC_STRINGS = YES;
				SWIFT_VERSION = 5.0;
				TARGETED_DEVICE_FAMILY = "1,2";
			};
			name = Release;
		};
		CB8352402AD052BF00FC9E13 /* Debug */ = {
			isa = XCBuildConfiguration;
			buildSettings = {
				BUNDLE_LOADER = "$(TEST_HOST)";
				CODE_SIGN_STYLE = Automatic;
				CURRENT_PROJECT_VERSION = 1;
				GENERATE_INFOPLIST_FILE = YES;
				MARKETING_VERSION = 1.0;
				PRODUCT_BUNDLE_IDENTIFIER = fr.lucca.FrankensteinTests;
				PRODUCT_NAME = "$(TARGET_NAME)";
				SWIFT_EMIT_LOC_STRINGS = NO;
				SWIFT_VERSION = 5.0;
				TARGETED_DEVICE_FAMILY = "1,2";
				TEST_HOST = "$(BUILT_PRODUCTS_DIR)/Frankenstein.app/$(BUNDLE_EXECUTABLE_FOLDER_PATH)/Frankenstein";
			};
			name = Debug;
		};
		CB8352412AD052BF00FC9E13 /* Release */ = {
			isa = XCBuildConfiguration;
			buildSettings = {
				BUNDLE_LOADER = "$(TEST_HOST)";
				CODE_SIGN_STYLE = Automatic;
				CURRENT_PROJECT_VERSION = 1;
				GENERATE_INFOPLIST_FILE = YES;
				MARKETING_VERSION = 1.0;
				PRODUCT_BUNDLE_IDENTIFIER = fr.lucca.FrankensteinTests;
				PRODUCT_NAME = "$(TARGET_NAME)";
				SWIFT_EMIT_LOC_STRINGS = NO;
				SWIFT_VERSION = 5.0;
				TARGETED_DEVICE_FAMILY = "1,2";
				TEST_HOST = "$(BUILT_PRODUCTS_DIR)/Frankenstein.app/$(BUNDLE_EXECUTABLE_FOLDER_PATH)/Frankenstein";
			};
			name = Release;
		};
		CB83524F2AD05B3D00FC9E13 /* Debug */ = {
			isa = XCBuildConfiguration;
			buildSettings = {
				CODE_SIGN_STYLE = Automatic;
				CURRENT_PROJECT_VERSION = 1;
				GENERATE_INFOPLIST_FILE = YES;
				MARKETING_VERSION = 1.0;
				PRODUCT_BUNDLE_IDENTIFIER = fr.lucca.FrankensteinUITests;
				PRODUCT_NAME = "$(TARGET_NAME)";
				SWIFT_EMIT_LOC_STRINGS = NO;
				SWIFT_VERSION = 5.0;
				TARGETED_DEVICE_FAMILY = "1,2";
				TEST_TARGET_NAME = Frankenstein;
			};
			name = Debug;
		};
		CB8352502AD05B3D00FC9E13 /* Release */ = {
			isa = XCBuildConfiguration;
			buildSettings = {
				CODE_SIGN_STYLE = Automatic;
				CURRENT_PROJECT_VERSION = 1;
				GENERATE_INFOPLIST_FILE = YES;
				MARKETING_VERSION = 1.0;
				PRODUCT_BUNDLE_IDENTIFIER = fr.lucca.FrankensteinUITests;
				PRODUCT_NAME = "$(TARGET_NAME)";
				SWIFT_EMIT_LOC_STRINGS = NO;
				SWIFT_VERSION = 5.0;
				TARGETED_DEVICE_FAMILY = "1,2";
				TEST_TARGET_NAME = Frankenstein;
			};
			name = Release;
		};
/* End XCBuildConfiguration section */

/* Begin XCConfigurationList section */
		CB83521E2AD04B3E00FC9E13 /* Build configuration list for PBXProject "Frankenstein" */ = {
			isa = XCConfigurationList;
			buildConfigurations = (
				CB83522F2AD04B4000FC9E13 /* Debug */,
				CB8352302AD04B4000FC9E13 /* Release */,
			);
			defaultConfigurationIsVisible = 0;
			defaultConfigurationName = Release;
		};
		CB8352312AD04B4000FC9E13 /* Build configuration list for PBXNativeTarget "Frankenstein" */ = {
			isa = XCConfigurationList;
			buildConfigurations = (
				CB8352322AD04B4000FC9E13 /* Debug */,
				CB8352332AD04B4000FC9E13 /* Release */,
			);
			defaultConfigurationIsVisible = 0;
			defaultConfigurationName = Release;
		};
		CB83523F2AD052BF00FC9E13 /* Build configuration list for PBXNativeTarget "FrankensteinTests" */ = {
			isa = XCConfigurationList;
			buildConfigurations = (
				CB8352402AD052BF00FC9E13 /* Debug */,
				CB8352412AD052BF00FC9E13 /* Release */,
			);
			defaultConfigurationIsVisible = 0;
			defaultConfigurationName = Release;
		};
		CB83524E2AD05B3D00FC9E13 /* Build configuration list for PBXNativeTarget "FrankensteinUITests" */ = {
			isa = XCConfigurationList;
			buildConfigurations = (
				CB83524F2AD05B3D00FC9E13 /* Debug */,
				CB8352502AD05B3D00FC9E13 /* Release */,
			);
			defaultConfigurationIsVisible = 0;
			defaultConfigurationName = Release;
		};
/* End XCConfigurationList section */
	};
	rootObject = CB83521B2AD04B3E00FC9E13 /* Project object */;
}
